
Microsoft Visual Studio Solution File, Format Version 11.00
# Visual Studio 2010
Project("{FAE04EC0-301F-11D3-BF4B-00C04F79EFBC}") = "Binding", "Binding\Binding.csproj", "{D77CAD69-4C5E-43C2-BBC4-D3D121B1C442}"
EndProject
Project("{FAE04EC0-301F-11D3-BF4B-00C04F79EFBC}") = "Binding.Test", "Binding.Test\Binding.Test.csproj", "{6BB5B7BE-D9FE-40CD-9B02-73F04F64AC0B}"
EndProject
Project("{2150E333-8FDC-42A3-9474-1A3956D46DE8}") = "Solution Items", "Solution Items", "{FAF3A2C4-F5B4-4F6A-8E67-4B9075E66D55}"
	ProjectSection(SolutionItems) = preProject
		Binding.vsmdi = Binding.vsmdi
		Local.testsettings = Local.testsettings
		TraceAndTestImpact.testsettings = TraceAndTestImpact.testsettings
	EndProjectSection
EndProject
Project("{FAE04EC0-301F-11D3-BF4B-00C04F79EFBC}") = "ConsoleCommand", "ConsoleCommand\ConsoleCommand.csproj", "{9D2F9AFB-F70A-4520-84A1-416C9583F48F}"
EndProject
Global
	GlobalSection(TestCaseManagementSettings) = postSolution
		CategoryFile = Binding.vsmdi
	EndGlobalSection
	GlobalSection(SolutionConfigurationPlatforms) = preSolution
		Debug|Any CPU = Debug|Any CPU
		Debug|Mixed Platforms = Debug|Mixed Platforms
		Debug|x86 = Debug|x86
		Release|Any CPU = Release|Any CPU
		Release|Mixed Platforms = Release|Mixed Platforms
		Release|x86 = Release|x86
	EndGlobalSection
	GlobalSection(ProjectConfigurationPlatforms) = postSolution
		{D77CAD69-4C5E-43C2-BBC4-D3D121B1C442}.Debug|Any CPU.ActiveCfg = Debug|Any CPU
		{D77CAD69-4C5E-43C2-BBC4-D3D121B1C442}.Debug|Any CPU.Build.0 = Debug|Any CPU
		{D77CAD69-4C5E-43C2-BBC4-D3D121B1C442}.Debug|Mixed Platforms.ActiveCfg = Debug|Any CPU
		{D77CAD69-4C5E-43C2-BBC4-D3D121B1C442}.Debug|Mixed Platforms.Build.0 = Debug|Any CPU
		{D77CAD69-4C5E-43C2-BBC4-D3D121B1C442}.Debug|x86.ActiveCfg = Debug|Any CPU
		{D77CAD69-4C5E-43C2-BBC4-D3D121B1C442}.Release|Any CPU.ActiveCfg = Release|Any CPU
		{D77CAD69-4C5E-43C2-BBC4-D3D121B1C442}.Release|Any CPU.Build.0 = Release|Any CPU
		{D77CAD69-4C5E-43C2-BBC4-D3D121B1C442}.Release|Mixed Platforms.ActiveCfg = Release|Any CPU
		{D77CAD69-4C5E-43C2-BBC4-D3D121B1C442}.Release|Mixed Platforms.Build.0 = Release|Any CPU
		{D77CAD69-4C5E-43C2-BBC4-D3D121B1C442}.Release|x86.ActiveCfg = Release|Any CPU
		{6BB5B7BE-D9FE-40CD-9B02-73F04F64AC0B}.Debug|Any CPU.ActiveCfg = Debug|Any CPU
		{6BB5B7BE-D9FE-40CD-9B02-73F04F64AC0B}.Debug|Any CPU.Build.0 = Debug|Any CPU
		{6BB5B7BE-D9FE-40CD-9B02-73F04F64AC0B}.Debug|Mixed Platforms.ActiveCfg = Debug|Any CPU
		{6BB5B7BE-D9FE-40CD-9B02-73F04F64AC0B}.Debug|Mixed Platforms.Build.0 = Debug|Any CPU
		{6BB5B7BE-D9FE-40CD-9B02-73F04F64AC0B}.Debug|x86.ActiveCfg = Debug|Any CPU
		{6BB5B7BE-D9FE-40CD-9B02-73F04F64AC0B}.Release|Any CPU.ActiveCfg = Release|Any CPU
		{6BB5B7BE-D9FE-40CD-9B02-73F04F64AC0B}.Release|Any CPU.Build.0 = Release|Any CPU
		{6BB5B7BE-D9FE-40CD-9B02-73F04F64AC0B}.Release|Mixed Platforms.ActiveCfg = Release|Any CPU
		{6BB5B7BE-D9FE-40CD-9B02-73F04F64AC0B}.Release|Mixed Platforms.Build.0 = Release|Any CPU
		{6BB5B7BE-D9FE-40CD-9B02-73F04F64AC0B}.Release|x86.ActiveCfg = Release|Any CPU
		{9D2F9AFB-F70A-4520-84A1-416C9583F48F}.Debug|Any CPU.ActiveCfg = Debug|x86
		{9D2F9AFB-F70A-4520-84A1-416C9583F48F}.Debug|Mixed Platforms.ActiveCfg = Debug|x86
		{9D2F9AFB-F70A-4520-84A1-416C9583F48F}.Debug|Mixed Platforms.Build.0 = Debug|x86
		{9D2F9AFB-F70A-4520-84A1-416C9583F48F}.Debug|x86.ActiveCfg = Debug|x86
		{9D2F9AFB-F70A-4520-84A1-416C9583F48F}.Debug|x86.Build.0 = Debug|x86
		{9D2F9AFB-F70A-4520-84A1-416C9583F48F}.Release|Any CPU.ActiveCfg = Release|x86
		{9D2F9AFB-F70A-4520-84A1-416C9583F48F}.Release|Mixed Platforms.ActiveCfg = Release|x86
		{9D2F9AFB-F70A-4520-84A1-416C9583F48F}.Release|Mixed Platforms.Build.0 = Release|x86
		{9D2F9AFB-F70A-4520-84A1-416C9583F48F}.Release|x86.ActiveCfg = Release|x86
		{9D2F9AFB-F70A-4520-84A1-416C9583F48F}.Release|x86.Build.0 = Release|x86
	EndGlobalSection
	GlobalSection(SolutionProperties) = preSolution
		HideSolutionNode = FALSE
	EndGlobalSection
EndGlobal
